
Microsoft Visual Studio Solution File, Format Version 12.00
# Visual Studio Version 17
VisualStudioVersion = 17.0.31903.59
MinimumVisualStudioVersion = 10.0.40219.1
Project("{FAE04EC0-301F-11D3-BF4B-00C04F79EFBC}") = "Witching", "Witching\Witching.csproj", "{930DBC46-150C-4D04-81CA-FA57C3D3207A}"
EndProject
Project("{FAE04EC0-301F-11D3-BF4B-00C04F79EFBC}") = "Witching.Tests", "Witching.Tests\Witching.Tests.csproj", "{FDA883E0-0E33-4271-BF0F-32B1945A6AB0}"
EndProject
Project("{2150E333-8FDC-42A3-9474-1A3956D46DE8}") = "TheBroken", "TheBroken", "{E45741D9-11BF-13B7-17FD-1E03CA225053}"
EndProject
Project("{FAE04EC0-301F-11D3-BF4B-00C04F79EFBC}") = "theBroken", "TheBroken\theBroken.csproj", "{0888DF19-613E-4431-8DE5-A196A5776F1E}"
EndProject
Project("{FAE04EC0-301F-11D3-BF4B-00C04F79EFBC}") = "Common", "Common\Common.csproj", "{1FDF2DB8-EA76-4D7C-8A12-60C06FDF8956}"
EndProject
Global
	GlobalSection(SolutionConfigurationPlatforms) = preSolution
		Debug|Any CPU = Debug|Any CPU
		Debug|x64 = Debug|x64
		Debug|x86 = Debug|x86
		Release|Any CPU = Release|Any CPU
		Release|x64 = Release|x64
		Release|x86 = Release|x86
	EndGlobalSection
	GlobalSection(ProjectConfigurationPlatforms) = postSolution
		{930DBC46-150C-4D04-81CA-FA57C3D3207A}.Debug|Any CPU.ActiveCfg = Debug|Any CPU
		{930DBC46-150C-4D04-81CA-FA57C3D3207A}.Debug|Any CPU.Build.0 = Debug|Any CPU
		{930DBC46-150C-4D04-81CA-FA57C3D3207A}.Debug|x64.ActiveCfg = Debug|Any CPU
		{930DBC46-150C-4D04-81CA-FA57C3D3207A}.Debug|x64.Build.0 = Debug|Any CPU
		{930DBC46-150C-4D04-81CA-FA57C3D3207A}.Debug|x86.ActiveCfg = Debug|Any CPU
		{930DBC46-150C-4D04-81CA-FA57C3D3207A}.Debug|x86.Build.0 = Debug|Any CPU
		{930DBC46-150C-4D04-81CA-FA57C3D3207A}.Release|Any CPU.ActiveCfg = Release|Any CPU
		{930DBC46-150C-4D04-81CA-FA57C3D3207A}.Release|Any CPU.Build.0 = Release|Any CPU
		{930DBC46-150C-4D04-81CA-FA57C3D3207A}.Release|x64.ActiveCfg = Release|Any CPU
		{930DBC46-150C-4D04-81CA-FA57C3D3207A}.Release|x64.Build.0 = Release|Any CPU
		{930DBC46-150C-4D04-81CA-FA57C3D3207A}.Release|x86.ActiveCfg = Release|Any CPU
		{930DBC46-150C-4D04-81CA-FA57C3D3207A}.Release|x86.Build.0 = Release|Any CPU
		{FDA883E0-0E33-4271-BF0F-32B1945A6AB0}.Debug|Any CPU.ActiveCfg = Debug|Any CPU
		{FDA883E0-0E33-4271-BF0F-32B1945A6AB0}.Debug|Any CPU.Build.0 = Debug|Any CPU
		{FDA883E0-0E33-4271-BF0F-32B1945A6AB0}.Debug|x64.ActiveCfg = Debug|Any CPU
		{FDA883E0-0E33-4271-BF0F-32B1945A6AB0}.Debug|x64.Build.0 = Debug|Any CPU
		{FDA883E0-0E33-4271-BF0F-32B1945A6AB0}.Debug|x86.ActiveCfg = Debug|Any CPU
		{FDA883E0-0E33-4271-BF0F-32B1945A6AB0}.Debug|x86.Build.0 = Debug|Any CPU
		{FDA883E0-0E33-4271-BF0F-32B1945A6AB0}.Release|Any CPU.ActiveCfg = Release|Any CPU
		{FDA883E0-0E33-4271-BF0F-32B1945A6AB0}.Release|Any CPU.Build.0 = Release|Any CPU
		{FDA883E0-0E33-4271-BF0F-32B1945A6AB0}.Release|x64.ActiveCfg = Release|Any CPU
		{FDA883E0-0E33-4271-BF0F-32B1945A6AB0}.Release|x64.Build.0 = Release|Any CPU
		{FDA883E0-0E33-4271-BF0F-32B1945A6AB0}.Release|x86.ActiveCfg = Release|Any CPU
		{FDA883E0-0E33-4271-BF0F-32B1945A6AB0}.Release|x86.Build.0 = Release|Any CPU
		{0888DF19-613E-4431-8DE5-A196A5776F1E}.Debug|Any CPU.ActiveCfg = Debug|Any CPU
		{0888DF19-613E-4431-8DE5-A196A5776F1E}.Debug|Any CPU.Build.0 = Debug|Any CPU
		{0888DF19-613E-4431-8DE5-A196A5776F1E}.Debug|x64.ActiveCfg = Debug|Any CPU
		{0888DF19-613E-4431-8DE5-A196A5776F1E}.Debug|x64.Build.0 = Debug|Any CPU
		{0888DF19-613E-4431-8DE5-A196A5776F1E}.Debug|x86.ActiveCfg = Debug|Any CPU
		{0888DF19-613E-4431-8DE5-A196A5776F1E}.Debug|x86.Build.0 = Debug|Any CPU
		{0888DF19-613E-4431-8DE5-A196A5776F1E}.Release|Any CPU.ActiveCfg = Release|Any CPU
		{0888DF19-613E-4431-8DE5-A196A5776F1E}.Release|Any CPU.Build.0 = Release|Any CPU
		{0888DF19-613E-4431-8DE5-A196A5776F1E}.Release|x64.ActiveCfg = Release|Any CPU
		{0888DF19-613E-4431-8DE5-A196A5776F1E}.Release|x64.Build.0 = Release|Any CPU
		{0888DF19-613E-4431-8DE5-A196A5776F1E}.Release|x86.ActiveCfg = Release|Any CPU
		{0888DF19-613E-4431-8DE5-A196A5776F1E}.Release|x86.Build.0 = Release|Any CPU
		{1FDF2DB8-EA76-4D7C-8A12-60C06FDF8956}.Debug|Any CPU.ActiveCfg = Debug|Any CPU
		{1FDF2DB8-EA76-4D7C-8A12-60C06FDF8956}.Debug|Any CPU.Build.0 = Debug|Any CPU
		{1FDF2DB8-EA76-4D7C-8A12-60C06FDF8956}.Debug|x64.ActiveCfg = Debug|Any CPU
		{1FDF2DB8-EA76-4D7C-8A12-60C06FDF8956}.Debug|x64.Build.0 = Debug|Any CPU
		{1FDF2DB8-EA76-4D7C-8A12-60C06FDF8956}.Debug|x86.ActiveCfg = Debug|Any CPU
		{1FDF2DB8-EA76-4D7C-8A12-60C06FDF8956}.Debug|x86.Build.0 = Debug|Any CPU
		{1FDF2DB8-EA76-4D7C-8A12-60C06FDF8956}.Release|Any CPU.ActiveCfg = Release|Any CPU
		{1FDF2DB8-EA76-4D7C-8A12-60C06FDF8956}.Release|Any CPU.Build.0 = Release|Any CPU
		{1FDF2DB8-EA76-4D7C-8A12-60C06FDF8956}.Release|x64.ActiveCfg = Release|Any CPU
		{1FDF2DB8-EA76-4D7C-8A12-60C06FDF8956}.Release|x64.Build.0 = Release|Any CPU
		{1FDF2DB8-EA76-4D7C-8A12-60C06FDF8956}.Release|x86.ActiveCfg = Release|Any CPU
		{1FDF2DB8-EA76-4D7C-8A12-60C06FDF8956}.Release|x86.Build.0 = Release|Any CPU
	EndGlobalSection
	GlobalSection(SolutionProperties) = preSolution
		HideSolutionNode = FALSE
	EndGlobalSection
	GlobalSection(NestedProjects) = preSolution
		{0888DF19-613E-4431-8DE5-A196A5776F1E} = {E45741D9-11BF-13B7-17FD-1E03CA225053}
	EndGlobalSection
EndGlobal
